
Microsoft Visual Studio Solution File, Format Version 12.00
# Visual Studio Version 17
VisualStudioVersion = 17.9.34701.34
MinimumVisualStudioVersion = 10.0.40219.1
Project("{8BC9CEB8-8B4A-11D0-8D11-00A0C91BC942}") = "Project1", "Project1\Project1.vcxproj", "{065CFABA-C4DD-44C8-84DC-2C27058AD383}"
EndProject
Project("{8BC9CEB8-8B4A-11D0-8D11-00A0C91BC942}") = "Project2", "Project2\Project2.vcxproj", "{810BCC9F-DB76-4556-AF8B-5F9A8DA629E3}"
EndProject
Project("{8BC9CEB8-8B4A-11D0-8D11-00A0C91BC942}") = "Project3", "Project3\Project3.vcxproj", "{22704ACC-E905-484B-AF96-03DAD9634AF8}"
EndProject
Project("{8BC9CEB8-8B4A-11D0-8D11-00A0C91BC942}") = "Project4", "Project4\Project4.vcxproj", "{29E03840-FB3F-4AA0-A14D-45D1D23865EA}"
EndProject
Project("{8BC9CEB8-8B4A-11D0-8D11-00A0C91BC942}") = "Project5", "Project5\Project5.vcxproj", "{E5485A34-AEB6-48A7-846B-57A873268A88}"
EndProject
Project("{8BC9CEB8-8B4A-11D0-8D11-00A0C91BC942}") = "Project6", "Project6\Project6.vcxproj", "{3B6E58DA-3A53-4E91-AA40-5A3FEBA4809C}"
EndProject
Project("{8BC9CEB8-8B4A-11D0-8D11-00A0C91BC942}") = "Project7", "Project7\Project7.vcxproj", "{2F8E6402-0AB3-4889-B8D3-FBAAA8D2EF16}"
EndProject
Project("{8BC9CEB8-8B4A-11D0-8D11-00A0C91BC942}") = "Project8", "Project8\Project8.vcxproj", "{061CCE9D-4043-4090-9D04-D18486949280}"
EndProject
Project("{8BC9CEB8-8B4A-11D0-8D11-00A0C91BC942}") = "Q1", "Q1\Q1.vcxproj", "{4A1A2FF5-00B8-45DE-9676-260EE39BB4FA}"
EndProject
Project("{8BC9CEB8-8B4A-11D0-8D11-00A0C91BC942}") = "Q2", "Q2\Q2.vcxproj", "{9D608D1A-A0E5-41C0-B03D-221E54B4FAD6}"
EndProject
Global
	GlobalSection(SolutionConfigurationPlatforms) = preSolution
		Debug|x64 = Debug|x64
		Debug|x86 = Debug|x86
		Release|x64 = Release|x64
		Release|x86 = Release|x86
	EndGlobalSection
	GlobalSection(ProjectConfigurationPlatforms) = postSolution
		{065CFABA-C4DD-44C8-84DC-2C27058AD383}.Debug|x64.ActiveCfg = Debug|x64
		{065CFABA-C4DD-44C8-84DC-2C27058AD383}.Debug|x64.Build.0 = Debug|x64
		{065CFABA-C4DD-44C8-84DC-2C27058AD383}.Debug|x86.ActiveCfg = Debug|Win32
		{065CFABA-C4DD-44C8-84DC-2C27058AD383}.Debug|x86.Build.0 = Debug|Win32
		{065CFABA-C4DD-44C8-84DC-2C27058AD383}.Release|x64.ActiveCfg = Release|x64
		{065CFABA-C4DD-44C8-84DC-2C27058AD383}.Release|x64.Build.0 = Release|x64
		{065CFABA-C4DD-44C8-84DC-2C27058AD383}.Release|x86.ActiveCfg = Release|Win32
		{065CFABA-C4DD-44C8-84DC-2C27058AD383}.Release|x86.Build.0 = Release|Win32
		{810BCC9F-DB76-4556-AF8B-5F9A8DA629E3}.Debug|x64.ActiveCfg = Debug|x64
		{810BCC9F-DB76-4556-AF8B-5F9A8DA629E3}.Debug|x64.Build.0 = Debug|x64
		{810BCC9F-DB76-4556-AF8B-5F9A8DA629E3}.Debug|x86.ActiveCfg = Debug|Win32
		{810BCC9F-DB76-4556-AF8B-5F9A8DA629E3}.Debug|x86.Build.0 = Debug|Win32
		{810BCC9F-DB76-4556-AF8B-5F9A8DA629E3}.Release|x64.ActiveCfg = Release|x64
		{810BCC9F-DB76-4556-AF8B-5F9A8DA629E3}.Release|x64.Build.0 = Release|x64
		{810BCC9F-DB76-4556-AF8B-5F9A8DA629E3}.Release|x86.ActiveCfg = Release|Win32
		{810BCC9F-DB76-4556-AF8B-5F9A8DA629E3}.Release|x86.Build.0 = Release|Win32
		{22704ACC-E905-484B-AF96-03DAD9634AF8}.Debug|x64.ActiveCfg = Debug|x64
		{22704ACC-E905-484B-AF96-03DAD9634AF8}.Debug|x64.Build.0 = Debug|x64
		{22704ACC-E905-484B-AF96-03DAD9634AF8}.Debug|x86.ActiveCfg = Debug|Win32
		{22704ACC-E905-484B-AF96-03DAD9634AF8}.Debug|x86.Build.0 = Debug|Win32
		{22704ACC-E905-484B-AF96-03DAD9634AF8}.Release|x64.ActiveCfg = Release|x64
		{22704ACC-E905-484B-AF96-03DAD9634AF8}.Release|x64.Build.0 = Release|x64
		{22704ACC-E905-484B-AF96-03DAD9634AF8}.Release|x86.ActiveCfg = Release|Win32
		{22704ACC-E905-484B-AF96-03DAD9634AF8}.Release|x86.Build.0 = Release|Win32
		{29E03840-FB3F-4AA0-A14D-45D1D23865EA}.Debug|x64.ActiveCfg = Debug|x64
		{29E03840-FB3F-4AA0-A14D-45D1D23865EA}.Debug|x64.Build.0 = Debug|x64
		{29E03840-FB3F-4AA0-A14D-45D1D23865EA}.Debug|x86.ActiveCfg = Debug|Win32
		{29E03840-FB3F-4AA0-A14D-45D1D23865EA}.Debug|x86.Build.0 = Debug|Win32
		{29E03840-FB3F-4AA0-A14D-45D1D23865EA}.Release|x64.ActiveCfg = Release|x64
		{29E03840-FB3F-4AA0-A14D-45D1D23865EA}.Release|x64.Build.0 = Release|x64
		{29E03840-FB3F-4AA0-A14D-45D1D23865EA}.Release|x86.ActiveCfg = Release|Win32
		{29E03840-FB3F-4AA0-A14D-45D1D23865EA}.Release|x86.Build.0 = Release|Win32
		{E5485A34-AEB6-48A7-846B-57A873268A88}.Debug|x64.ActiveCfg = Debug|x64
		{E5485A34-AEB6-48A7-846B-57A873268A88}.Debug|x64.Build.0 = Debug|x64
		{E5485A34-AEB6-48A7-846B-57A873268A88}.Debug|x86.ActiveCfg = Debug|Win32
		{E5485A34-AEB6-48A7-846B-57A873268A88}.Debug|x86.Build.0 = Debug|Win32
		{E5485A34-AEB6-48A7-846B-57A873268A88}.Release|x64.ActiveCfg = Release|x64
		{E5485A34-AEB6-48A7-846B-57A873268A88}.Release|x64.Build.0 = Release|x64
		{E5485A34-AEB6-48A7-846B-57A873268A88}.Release|x86.ActiveCfg = Release|Win32
		{E5485A34-AEB6-48A7-846B-57A873268A88}.Release|x86.Build.0 = Release|Win32
		{3B6E58DA-3A53-4E91-AA40-5A3FEBA4809C}.Debug|x64.ActiveCfg = Debug|x64
		{3B6E58DA-3A53-4E91-AA40-5A3FEBA4809C}.Debug|x64.Build.0 = Debug|x64
		{3B6E58DA-3A53-4E91-AA40-5A3FEBA4809C}.Debug|x86.ActiveCfg = Debug|Win32
		{3B6E58DA-3A53-4E91-AA40-5A3FEBA4809C}.Debug|x86.Build.0 = Debug|Win32
		{3B6E58DA-3A53-4E91-AA40-5A3FEBA4809C}.Release|x64.ActiveCfg = Release|x64
		{3B6E58DA-3A53-4E91-AA40-5A3FEBA4809C}.Release|x64.Build.0 = Release|x64
		{3B6E58DA-3A53-4E91-AA40-5A3FEBA4809C}.Release|x86.ActiveCfg = Release|Win32
		{3B6E58DA-3A53-4E91-AA40-5A3FEBA4809C}.Release|x86.Build.0 = Release|Win32
		{2F8E6402-0AB3-4889-B8D3-FBAAA8D2EF16}.Debug|x64.ActiveCfg = Debug|x64
		{2F8E6402-0AB3-4889-B8D3-FBAAA8D2EF16}.Debug|x64.Build.0 = Debug|x64
		{2F8E6402-0AB3-4889-B8D3-FBAAA8D2EF16}.Debug|x86.ActiveCfg = Debug|Win32
		{2F8E6402-0AB3-4889-B8D3-FBAAA8D2EF16}.Debug|x86.Build.0 = Debug|Win32
		{2F8E6402-0AB3-4889-B8D3-FBAAA8D2EF16}.Release|x64.ActiveCfg = Release|x64
		{2F8E6402-0AB3-4889-B8D3-FBAAA8D2EF16}.Release|x64.Build.0 = Release|x64
		{2F8E6402-0AB3-4889-B8D3-FBAAA8D2EF16}.Release|x86.ActiveCfg = Release|Win32
		{2F8E6402-0AB3-4889-B8D3-FBAAA8D2EF16}.Release|x86.Build.0 = Release|Win32
		{061CCE9D-4043-4090-9D04-D18486949280}.Debug|x64.ActiveCfg = Debug|x64
		{061CCE9D-4043-4090-9D04-D18486949280}.Debug|x64.Build.0 = Debug|x64
		{061CCE9D-4043-4090-9D04-D18486949280}.Debug|x86.ActiveCfg = Debug|Win32
		{061CCE9D-4043-4090-9D04-D18486949280}.Debug|x86.Build.0 = Debug|Win32
		{061CCE9D-4043-4090-9D04-D18486949280}.Release|x64.ActiveCfg = Release|x64
		{061CCE9D-4043-4090-9D04-D18486949280}.Release|x64.Build.0 = Release|x64
		{061CCE9D-4043-4090-9D04-D18486949280}.Release|x86.ActiveCfg = Release|Win32
		{061CCE9D-4043-4090-9D04-D18486949280}.Release|x86.Build.0 = Release|Win32
		{4A1A2FF5-00B8-45DE-9676-260EE39BB4FA}.Debug|x64.ActiveCfg = Debug|x64
		{4A1A2FF5-00B8-45DE-9676-260EE39BB4FA}.Debug|x64.Build.0 = Debug|x64
		{4A1A2FF5-00B8-45DE-9676-260EE39BB4FA}.Debug|x86.ActiveCfg = Debug|Win32
		{4A1A2FF5-00B8-45DE-9676-260EE39BB4FA}.Debug|x86.Build.0 = Debug|Win32
		{4A1A2FF5-00B8-45DE-9676-260EE39BB4FA}.Release|x64.ActiveCfg = Release|x64
		{4A1A2FF5-00B8-45DE-9676-260EE39BB4FA}.Release|x64.Build.0 = Release|x64
		{4A1A2FF5-00B8-45DE-9676-260EE39BB4FA}.Release|x86.ActiveCfg = Release|Win32
		{4A1A2FF5-00B8-45DE-9676-260EE39BB4FA}.Release|x86.Build.0 = Release|Win32
		{9D608D1A-A0E5-41C0-B03D-221E54B4FAD6}.Debug|x64.ActiveCfg = Debug|x64
		{9D608D1A-A0E5-41C0-B03D-221E54B4FAD6}.Debug|x64.Build.0 = Debug|x64
		{9D608D1A-A0E5-41C0-B03D-221E54B4FAD6}.Debug|x86.ActiveCfg = Debug|Win32
		{9D608D1A-A0E5-41C0-B03D-221E54B4FAD6}.Debug|x86.Build.0 = Debug|Win32
		{9D608D1A-A0E5-41C0-B03D-221E54B4FAD6}.Release|x64.ActiveCfg = Release|x64
		{9D608D1A-A0E5-41C0-B03D-221E54B4FAD6}.Release|x64.Build.0 = Release|x64
		{9D608D1A-A0E5-41C0-B03D-221E54B4FAD6}.Release|x86.ActiveCfg = Release|Win32
		{9D608D1A-A0E5-41C0-B03D-221E54B4FAD6}.Release|x86.Build.0 = Release|Win32
	EndGlobalSection
	GlobalSection(SolutionProperties) = preSolution
		HideSolutionNode = FALSE
	EndGlobalSection
	GlobalSection(ExtensibilityGlobals) = postSolution
		SolutionGuid = {F1032DEB-2950-45E4-BCDF-6709B47C7504}
	EndGlobalSection
EndGlobal
