
Microsoft Visual Studio Solution File, Format Version 12.00
# Visual Studio Version 17
VisualStudioVersion = 17.9.34701.34
MinimumVisualStudioVersion = 10.0.40219.1
Project("{8BC9CEB8-8B4A-11D0-8D11-00A0C91BC942}") = "Project1", "Project1\Project1.vcxproj", "{F96FF9FE-B4BA-4F41-B735-4014D304E82C}"
EndProject
Project("{8BC9CEB8-8B4A-11D0-8D11-00A0C91BC942}") = "Project2", "Project2\Project2.vcxproj", "{76608F72-B55C-4C0E-8E34-4CA93817B92C}"
EndProject
Project("{8BC9CEB8-8B4A-11D0-8D11-00A0C91BC942}") = "Project3", "Project3\Project3.vcxproj", "{F980E4B3-E579-4E0B-9E79-45FB325D98EE}"
EndProject
Project("{8BC9CEB8-8B4A-11D0-8D11-00A0C91BC942}") = "Project4", "Project4\Project4.vcxproj", "{4918D8D3-B60A-4145-BBAF-7728710A1EA4}"
EndProject
Project("{8BC9CEB8-8B4A-11D0-8D11-00A0C91BC942}") = "Project5", "Project5\Project5.vcxproj", "{2E4B3E85-F6D5-4F5F-BFDE-D87276CC602D}"
EndProject
Project("{8BC9CEB8-8B4A-11D0-8D11-00A0C91BC942}") = "Project6", "Project6\Project6.vcxproj", "{117E2E10-1915-4199-98ED-C937EB304E9F}"
EndProject
Project("{8BC9CEB8-8B4A-11D0-8D11-00A0C91BC942}") = "Project7", "Project7\Project7.vcxproj", "{DDD71297-5D0C-4D8C-AA51-98864F91DCD1}"
EndProject
Project("{8BC9CEB8-8B4A-11D0-8D11-00A0C91BC942}") = "Project8", "Project8\Project8.vcxproj", "{6C1DDD6B-D24C-40B3-99C7-ADB220662DD1}"
EndProject
Global
	GlobalSection(SolutionConfigurationPlatforms) = preSolution
		Debug|x64 = Debug|x64
		Debug|x86 = Debug|x86
		Release|x64 = Release|x64
		Release|x86 = Release|x86
	EndGlobalSection
	GlobalSection(ProjectConfigurationPlatforms) = postSolution
		{F96FF9FE-B4BA-4F41-B735-4014D304E82C}.Debug|x64.ActiveCfg = Debug|x64
		{F96FF9FE-B4BA-4F41-B735-4014D304E82C}.Debug|x64.Build.0 = Debug|x64
		{F96FF9FE-B4BA-4F41-B735-4014D304E82C}.Debug|x86.ActiveCfg = Debug|Win32
		{F96FF9FE-B4BA-4F41-B735-4014D304E82C}.Debug|x86.Build.0 = Debug|Win32
		{F96FF9FE-B4BA-4F41-B735-4014D304E82C}.Release|x64.ActiveCfg = Release|x64
		{F96FF9FE-B4BA-4F41-B735-4014D304E82C}.Release|x64.Build.0 = Release|x64
		{F96FF9FE-B4BA-4F41-B735-4014D304E82C}.Release|x86.ActiveCfg = Release|Win32
		{F96FF9FE-B4BA-4F41-B735-4014D304E82C}.Release|x86.Build.0 = Release|Win32
		{76608F72-B55C-4C0E-8E34-4CA93817B92C}.Debug|x64.ActiveCfg = Debug|x64
		{76608F72-B55C-4C0E-8E34-4CA93817B92C}.Debug|x64.Build.0 = Debug|x64
		{76608F72-B55C-4C0E-8E34-4CA93817B92C}.Debug|x86.ActiveCfg = Debug|Win32
		{76608F72-B55C-4C0E-8E34-4CA93817B92C}.Debug|x86.Build.0 = Debug|Win32
		{76608F72-B55C-4C0E-8E34-4CA93817B92C}.Release|x64.ActiveCfg = Release|x64
		{76608F72-B55C-4C0E-8E34-4CA93817B92C}.Release|x64.Build.0 = Release|x64
		{76608F72-B55C-4C0E-8E34-4CA93817B92C}.Release|x86.ActiveCfg = Release|Win32
		{76608F72-B55C-4C0E-8E34-4CA93817B92C}.Release|x86.Build.0 = Release|Win32
		{F980E4B3-E579-4E0B-9E79-45FB325D98EE}.Debug|x64.ActiveCfg = Debug|x64
		{F980E4B3-E579-4E0B-9E79-45FB325D98EE}.Debug|x64.Build.0 = Debug|x64
		{F980E4B3-E579-4E0B-9E79-45FB325D98EE}.Debug|x86.ActiveCfg = Debug|Win32
		{F980E4B3-E579-4E0B-9E79-45FB325D98EE}.Debug|x86.Build.0 = Debug|Win32
		{F980E4B3-E579-4E0B-9E79-45FB325D98EE}.Release|x64.ActiveCfg = Release|x64
		{F980E4B3-E579-4E0B-9E79-45FB325D98EE}.Release|x64.Build.0 = Release|x64
		{F980E4B3-E579-4E0B-9E79-45FB325D98EE}.Release|x86.ActiveCfg = Release|Win32
		{F980E4B3-E579-4E0B-9E79-45FB325D98EE}.Release|x86.Build.0 = Release|Win32
		{4918D8D3-B60A-4145-BBAF-7728710A1EA4}.Debug|x64.ActiveCfg = Debug|x64
		{4918D8D3-B60A-4145-BBAF-7728710A1EA4}.Debug|x64.Build.0 = Debug|x64
		{4918D8D3-B60A-4145-BBAF-7728710A1EA4}.Debug|x86.ActiveCfg = Debug|Win32
		{4918D8D3-B60A-4145-BBAF-7728710A1EA4}.Debug|x86.Build.0 = Debug|Win32
		{4918D8D3-B60A-4145-BBAF-7728710A1EA4}.Release|x64.ActiveCfg = Release|x64
		{4918D8D3-B60A-4145-BBAF-7728710A1EA4}.Release|x64.Build.0 = Release|x64
		{4918D8D3-B60A-4145-BBAF-7728710A1EA4}.Release|x86.ActiveCfg = Release|Win32
		{4918D8D3-B60A-4145-BBAF-7728710A1EA4}.Release|x86.Build.0 = Release|Win32
		{2E4B3E85-F6D5-4F5F-BFDE-D87276CC602D}.Debug|x64.ActiveCfg = Debug|x64
		{2E4B3E85-F6D5-4F5F-BFDE-D87276CC602D}.Debug|x64.Build.0 = Debug|x64
		{2E4B3E85-F6D5-4F5F-BFDE-D87276CC602D}.Debug|x86.ActiveCfg = Debug|Win32
		{2E4B3E85-F6D5-4F5F-BFDE-D87276CC602D}.Debug|x86.Build.0 = Debug|Win32
		{2E4B3E85-F6D5-4F5F-BFDE-D87276CC602D}.Release|x64.ActiveCfg = Release|x64
		{2E4B3E85-F6D5-4F5F-BFDE-D87276CC602D}.Release|x64.Build.0 = Release|x64
		{2E4B3E85-F6D5-4F5F-BFDE-D87276CC602D}.Release|x86.ActiveCfg = Release|Win32
		{2E4B3E85-F6D5-4F5F-BFDE-D87276CC602D}.Release|x86.Build.0 = Release|Win32
		{117E2E10-1915-4199-98ED-C937EB304E9F}.Debug|x64.ActiveCfg = Debug|x64
		{117E2E10-1915-4199-98ED-C937EB304E9F}.Debug|x64.Build.0 = Debug|x64
		{117E2E10-1915-4199-98ED-C937EB304E9F}.Debug|x86.ActiveCfg = Debug|Win32
		{117E2E10-1915-4199-98ED-C937EB304E9F}.Debug|x86.Build.0 = Debug|Win32
		{117E2E10-1915-4199-98ED-C937EB304E9F}.Release|x64.ActiveCfg = Release|x64
		{117E2E10-1915-4199-98ED-C937EB304E9F}.Release|x64.Build.0 = Release|x64
		{117E2E10-1915-4199-98ED-C937EB304E9F}.Release|x86.ActiveCfg = Release|Win32
		{117E2E10-1915-4199-98ED-C937EB304E9F}.Release|x86.Build.0 = Release|Win32
		{DDD71297-5D0C-4D8C-AA51-98864F91DCD1}.Debug|x64.ActiveCfg = Debug|x64
		{DDD71297-5D0C-4D8C-AA51-98864F91DCD1}.Debug|x64.Build.0 = Debug|x64
		{DDD71297-5D0C-4D8C-AA51-98864F91DCD1}.Debug|x86.ActiveCfg = Debug|Win32
		{DDD71297-5D0C-4D8C-AA51-98864F91DCD1}.Debug|x86.Build.0 = Debug|Win32
		{DDD71297-5D0C-4D8C-AA51-98864F91DCD1}.Release|x64.ActiveCfg = Release|x64
		{DDD71297-5D0C-4D8C-AA51-98864F91DCD1}.Release|x64.Build.0 = Release|x64
		{DDD71297-5D0C-4D8C-AA51-98864F91DCD1}.Release|x86.ActiveCfg = Release|Win32
		{DDD71297-5D0C-4D8C-AA51-98864F91DCD1}.Release|x86.Build.0 = Release|Win32
		{6C1DDD6B-D24C-40B3-99C7-ADB220662DD1}.Debug|x64.ActiveCfg = Debug|x64
		{6C1DDD6B-D24C-40B3-99C7-ADB220662DD1}.Debug|x64.Build.0 = Debug|x64
		{6C1DDD6B-D24C-40B3-99C7-ADB220662DD1}.Debug|x86.ActiveCfg = Debug|Win32
		{6C1DDD6B-D24C-40B3-99C7-ADB220662DD1}.Debug|x86.Build.0 = Debug|Win32
		{6C1DDD6B-D24C-40B3-99C7-ADB220662DD1}.Release|x64.ActiveCfg = Release|x64
		{6C1DDD6B-D24C-40B3-99C7-ADB220662DD1}.Release|x64.Build.0 = Release|x64
		{6C1DDD6B-D24C-40B3-99C7-ADB220662DD1}.Release|x86.ActiveCfg = Release|Win32
		{6C1DDD6B-D24C-40B3-99C7-ADB220662DD1}.Release|x86.Build.0 = Release|Win32
	EndGlobalSection
	GlobalSection(SolutionProperties) = preSolution
		HideSolutionNode = FALSE
	EndGlobalSection
	GlobalSection(ExtensibilityGlobals) = postSolution
		SolutionGuid = {09A410B1-D1A2-4C53-A73B-A6F882E39C03}
	EndGlobalSection
EndGlobal
